
Microsoft Visual Studio Solution File, Format Version 12.00
# Visual Studio Version 17
VisualStudioVersion = 17.11.35222.181
MinimumVisualStudioVersion = 10.0.40219.1
Project("{FAE04EC0-301F-11D3-BF4B-00C04F79EFBC}") = "Kovacs_Barna_triatlon", "Kovacs_Barna_triatlon.csproj", "{DAE1B7B9-1FB2-428F-9237-9E04AAD90694}"
EndProject
Global
	GlobalSection(SolutionConfigurationPlatforms) = preSolution
		Debug|Any CPU = Debug|Any CPU
		Release|Any CPU = Release|Any CPU
	EndGlobalSection
	GlobalSection(ProjectConfigurationPlatforms) = postSolution
		{DAE1B7B9-1FB2-428F-9237-9E04AAD90694}.Debug|Any CPU.ActiveCfg = Debug|Any CPU
		{DAE1B7B9-1FB2-428F-9237-9E04AAD90694}.Debug|Any CPU.Build.0 = Debug|Any CPU
		{DAE1B7B9-1FB2-428F-9237-9E04AAD90694}.Release|Any CPU.ActiveCfg = Release|Any CPU
		{DAE1B7B9-1FB2-428F-9237-9E04AAD90694}.Release|Any CPU.Build.0 = Release|Any CPU
	EndGlobalSection
	GlobalSection(SolutionProperties) = preSolution
		HideSolutionNode = FALSE
	EndGlobalSection
	GlobalSection(ExtensibilityGlobals) = postSolution
		SolutionGuid = {A070F5FE-5FC8-4F59-A595-10346C3D3371}
	EndGlobalSection
EndGlobal
